// !$*UTF8*$!
{
	archiveVersion = 1;
	classes = {
	};
	objectVersion = 46;
	objects = {

/* Begin PBXBuildFile section */
		7A904AB229F040B3A34AFFBB /* libPods.a in Frameworks */ = {isa = PBXBuildFile; fileRef = 59B9E4A54D544DAAB4712332 /* libPods.a */; };
		D4EBE2C9196EA5ED0061B29E /* ProgressView.xib in Resources */ = {isa = PBXBuildFile; fileRef = D4EBE2C7196EA5ED0061B29E /* ProgressView.xib */; };
		D4EBE2CB196EEFD90061B29E /* CoreLocation.framework in Frameworks */ = {isa = PBXBuildFile; fileRef = D4EBE2CA196EEFD90061B29E /* CoreLocation.framework */; };
		D4EDDA0F196DBD390077FE9B /* Foundation.framework in Frameworks */ = {isa = PBXBuildFile; fileRef = D4EDDA0E196DBD390077FE9B /* Foundation.framework */; };
		D4EDDA11196DBD390077FE9B /* CoreGraphics.framework in Frameworks */ = {isa = PBXBuildFile; fileRef = D4EDDA10196DBD390077FE9B /* CoreGraphics.framework */; };
		D4EDDA13196DBD390077FE9B /* UIKit.framework in Frameworks */ = {isa = PBXBuildFile; fileRef = D4EDDA12196DBD390077FE9B /* UIKit.framework */; };
		D4EDDA19196DBD390077FE9B /* InfoPlist.strings in Resources */ = {isa = PBXBuildFile; fileRef = D4EDDA17196DBD390077FE9B /* InfoPlist.strings */; };
		D4EDDA1B196DBD390077FE9B /* main.m in Sources */ = {isa = PBXBuildFile; fileRef = D4EDDA1A196DBD390077FE9B /* main.m */; };
		F25B20DAF0FDFECA2DA59EA9 /* PFProgressView.m in Sources */ = {isa = PBXBuildFile; fileRef = F25B2D5801938877DCD3D093 /* PFProgressView.m */; };
		F25B229D9279DCE0FBFE73AD /* PFMainViewController.m in Sources */ = {isa = PBXBuildFile; fileRef = F25B2C3FAEC3CD291EFFE469 /* PFMainViewController.m */; };
		F25B2314719552B4BDA53609 /* PFIssueData.m in Sources */ = {isa = PBXBuildFile; fileRef = F25B297FAA0452CDF59F4A77 /* PFIssueData.m */; };
		F25B233FE299AEB8AF1A2A40 /* PFAppDelegate.m in Sources */ = {isa = PBXBuildFile; fileRef = F25B2942AD3D812DCB625BE4 /* PFAppDelegate.m */; };
		F25B24348561726BE1FC5C38 /* PFSummaryViewController.m in Sources */ = {isa = PBXBuildFile; fileRef = F25B208778BFF3888BCD104B /* PFSummaryViewController.m */; };
		F25B28472B6F88B5C4149CD9 /* PFSidebarViewController.m in Sources */ = {isa = PBXBuildFile; fileRef = F25B2ACCB324770B0E3F0492 /* PFSidebarViewController.m */; };
		F25B2B1966DB8A5A3989617C /* PFSpeedTestViewController.m in Sources */ = {isa = PBXBuildFile; fileRef = F25B2F2AC432A122B76DA2A8 /* PFSpeedTestViewController.m */; };
		F25B2B2CE9E0222054366763 /* PFFeedbackViewController.m in Sources */ = {isa = PBXBuildFile; fileRef = F25B20A2BA7C70C0A28958E8 /* PFFeedbackViewController.m */; };
		F25B2C1CD5DB945DB6AA7A0D /* Images.xcassets in Resources */ = {isa = PBXBuildFile; fileRef = F25B2D3861B43C9DC419EF59 /* Images.xcassets */; };
		F25B2D59577102707DABCB73 /* PFThankYouViewController.m in Sources */ = {isa = PBXBuildFile; fileRef = F25B28441BF11144CAB19012 /* PFThankYouViewController.m */; };
		F25B2F5DB5FB2A1A51C287D4 /* Main.storyboard in Resources */ = {isa = PBXBuildFile; fileRef = F25B2DAF17050CF5D7E6B95A /* Main.storyboard */; };
/* End PBXBuildFile section */

/* Begin PBXFileReference section */
		59B9E4A54D544DAAB4712332 /* libPods.a */ = {isa = PBXFileReference; explicitFileType = archive.ar; includeInIndex = 0; path = libPods.a; sourceTree = BUILT_PRODUCTS_DIR; };
		6C6D7D55B29143E7B2FFCC07 /* Pods.xcconfig */ = {isa = PBXFileReference; includeInIndex = 1; lastKnownFileType = text.xcconfig; name = Pods.xcconfig; path = Pods/Pods.xcconfig; sourceTree = "<group>"; };
		D4EBE2C8196EA5ED0061B29E /* Base */ = {isa = PBXFileReference; lastKnownFileType = file.xib; name = Base; path = Base.lproj/ProgressView.xib; sourceTree = "<group>"; };
		D4EBE2CA196EEFD90061B29E /* CoreLocation.framework */ = {isa = PBXFileReference; lastKnownFileType = wrapper.framework; name = CoreLocation.framework; path = System/Library/Frameworks/CoreLocation.framework; sourceTree = SDKROOT; };
		D4EDDA0B196DBD390077FE9B /* P3Feedback.app */ = {isa = PBXFileReference; explicitFileType = wrapper.application; includeInIndex = 0; path = P3Feedback.app; sourceTree = BUILT_PRODUCTS_DIR; };
		D4EDDA0E196DBD390077FE9B /* Foundation.framework */ = {isa = PBXFileReference; lastKnownFileType = wrapper.framework; name = Foundation.framework; path = System/Library/Frameworks/Foundation.framework; sourceTree = SDKROOT; };
		D4EDDA10196DBD390077FE9B /* CoreGraphics.framework */ = {isa = PBXFileReference; lastKnownFileType = wrapper.framework; name = CoreGraphics.framework; path = System/Library/Frameworks/CoreGraphics.framework; sourceTree = SDKROOT; };
		D4EDDA12196DBD390077FE9B /* UIKit.framework */ = {isa = PBXFileReference; lastKnownFileType = wrapper.framework; name = UIKit.framework; path = System/Library/Frameworks/UIKit.framework; sourceTree = SDKROOT; };
		D4EDDA16196DBD390077FE9B /* P3Feedback-Info.plist */ = {isa = PBXFileReference; lastKnownFileType = text.plist.xml; path = "P3Feedback-Info.plist"; sourceTree = "<group>"; };
		D4EDDA18196DBD390077FE9B /* en */ = {isa = PBXFileReference; lastKnownFileType = text.plist.strings; name = en; path = en.lproj/InfoPlist.strings; sourceTree = "<group>"; };
		D4EDDA1A196DBD390077FE9B /* main.m */ = {isa = PBXFileReference; lastKnownFileType = sourcecode.c.objc; path = main.m; sourceTree = "<group>"; };
		D4EDDA1C196DBD390077FE9B /* P3Feedback-Prefix.pch */ = {isa = PBXFileReference; lastKnownFileType = sourcecode.c.h; path = "P3Feedback-Prefix.pch"; sourceTree = "<group>"; };
		D4EDDA2D196DBD390077FE9B /* XCTest.framework */ = {isa = PBXFileReference; lastKnownFileType = wrapper.framework; name = XCTest.framework; path = Library/Frameworks/XCTest.framework; sourceTree = DEVELOPER_DIR; };
		F25B208778BFF3888BCD104B /* PFSummaryViewController.m */ = {isa = PBXFileReference; fileEncoding = 4; lastKnownFileType = sourcecode.c.objc; path = PFSummaryViewController.m; sourceTree = "<group>"; };
		F25B20A2BA7C70C0A28958E8 /* PFFeedbackViewController.m */ = {isa = PBXFileReference; fileEncoding = 4; lastKnownFileType = sourcecode.c.objc; path = PFFeedbackViewController.m; sourceTree = "<group>"; };
		F25B21103569925353998EA2 /* PFIssueData.h */ = {isa = PBXFileReference; fileEncoding = 4; lastKnownFileType = sourcecode.c.h; path = PFIssueData.h; sourceTree = "<group>"; };
		F25B2449986CD314442246B2 /* Base */ = {isa = PBXFileReference; lastKnownFileType = file.storyboard; name = Base; path = Base.lproj/Main.storyboard; sourceTree = "<group>"; };
		F25B28441BF11144CAB19012 /* PFThankYouViewController.m */ = {isa = PBXFileReference; fileEncoding = 4; lastKnownFileType = sourcecode.c.objc; path = PFThankYouViewController.m; sourceTree = "<group>"; };
		F25B2889A2D3913F3113E6CD /* PFSidebarViewController.h */ = {isa = PBXFileReference; fileEncoding = 4; lastKnownFileType = sourcecode.c.h; path = PFSidebarViewController.h; sourceTree = "<group>"; };
		F25B28AB7A564345AB56DD74 /* PFFeedbackViewController.h */ = {isa = PBXFileReference; fileEncoding = 4; lastKnownFileType = sourcecode.c.h; path = PFFeedbackViewController.h; sourceTree = "<group>"; };
		F25B2942AD3D812DCB625BE4 /* PFAppDelegate.m */ = {isa = PBXFileReference; fileEncoding = 4; lastKnownFileType = sourcecode.c.objc; path = PFAppDelegate.m; sourceTree = "<group>"; };
		F25B29541E11AFDE6375BC4F /* PFSpeedTestViewController.h */ = {isa = PBXFileReference; fileEncoding = 4; lastKnownFileType = sourcecode.c.h; path = PFSpeedTestViewController.h; sourceTree = "<group>"; };
		F25B297FAA0452CDF59F4A77 /* PFIssueData.m */ = {isa = PBXFileReference; fileEncoding = 4; lastKnownFileType = sourcecode.c.objc; path = PFIssueData.m; sourceTree = "<group>"; };
		F25B2A875DA7FC3A0C0BB13D /* PFProgressView.h */ = {isa = PBXFileReference; fileEncoding = 4; lastKnownFileType = sourcecode.c.h; path = PFProgressView.h; sourceTree = "<group>"; };
		F25B2ACCB324770B0E3F0492 /* PFSidebarViewController.m */ = {isa = PBXFileReference; fileEncoding = 4; lastKnownFileType = sourcecode.c.objc; path = PFSidebarViewController.m; sourceTree = "<group>"; };
		F25B2C3FAEC3CD291EFFE469 /* PFMainViewController.m */ = {isa = PBXFileReference; fileEncoding = 4; lastKnownFileType = sourcecode.c.objc; path = PFMainViewController.m; sourceTree = "<group>"; };
		F25B2CD6606D353ABEC8A2E7 /* PFThankYouViewController.h */ = {isa = PBXFileReference; fileEncoding = 4; lastKnownFileType = sourcecode.c.h; path = PFThankYouViewController.h; sourceTree = "<group>"; };
		F25B2D3861B43C9DC419EF59 /* Images.xcassets */ = {isa = PBXFileReference; lastKnownFileType = folder.assetcatalog; path = Images.xcassets; sourceTree = "<group>"; };
		F25B2D5801938877DCD3D093 /* PFProgressView.m */ = {isa = PBXFileReference; fileEncoding = 4; lastKnownFileType = sourcecode.c.objc; path = PFProgressView.m; sourceTree = "<group>"; };
		F25B2DABC756BCC2384289F4 /* PFMainViewController.h */ = {isa = PBXFileReference; fileEncoding = 4; lastKnownFileType = sourcecode.c.h; path = PFMainViewController.h; sourceTree = "<group>"; };
		F25B2EF5F3CF90D8C9A42D81 /* PFSummaryViewController.h */ = {isa = PBXFileReference; fileEncoding = 4; lastKnownFileType = sourcecode.c.h; path = PFSummaryViewController.h; sourceTree = "<group>"; };
		F25B2F2AC432A122B76DA2A8 /* PFSpeedTestViewController.m */ = {isa = PBXFileReference; fileEncoding = 4; lastKnownFileType = sourcecode.c.objc; path = PFSpeedTestViewController.m; sourceTree = "<group>"; };
		F25B2FBDF60B4BFBB974FEC7 /* PFAppDelegate.h */ = {isa = PBXFileReference; fileEncoding = 4; lastKnownFileType = sourcecode.c.h; path = PFAppDelegate.h; sourceTree = "<group>"; };
/* End PBXFileReference section */

/* Begin PBXFrameworksBuildPhase section */
		D4EDDA08196DBD390077FE9B /* Frameworks */ = {
			isa = PBXFrameworksBuildPhase;
			buildActionMask = 2147483647;
			files = (
				D4EBE2CB196EEFD90061B29E /* CoreLocation.framework in Frameworks */,
				D4EDDA11196DBD390077FE9B /* CoreGraphics.framework in Frameworks */,
				D4EDDA13196DBD390077FE9B /* UIKit.framework in Frameworks */,
				D4EDDA0F196DBD390077FE9B /* Foundation.framework in Frameworks */,
				7A904AB229F040B3A34AFFBB /* libPods.a in Frameworks */,
			);
			runOnlyForDeploymentPostprocessing = 0;
		};
/* End PBXFrameworksBuildPhase section */

/* Begin PBXGroup section */
		D4EDDA02196DBD390077FE9B = {
			isa = PBXGroup;
			children = (
				D4EDDA14196DBD390077FE9B /* P3Feedback */,
				D4EDDA0D196DBD390077FE9B /* Frameworks */,
				D4EDDA0C196DBD390077FE9B /* Products */,
				6C6D7D55B29143E7B2FFCC07 /* Pods.xcconfig */,
			);
			sourceTree = "<group>";
		};
		D4EDDA0C196DBD390077FE9B /* Products */ = {
			isa = PBXGroup;
			children = (
				D4EDDA0B196DBD390077FE9B /* P3Feedback.app */,
			);
			name = Products;
			sourceTree = "<group>";
		};
		D4EDDA0D196DBD390077FE9B /* Frameworks */ = {
			isa = PBXGroup;
			children = (
				D4EBE2CA196EEFD90061B29E /* CoreLocation.framework */,
				D4EDDA0E196DBD390077FE9B /* Foundation.framework */,
				D4EDDA10196DBD390077FE9B /* CoreGraphics.framework */,
				D4EDDA12196DBD390077FE9B /* UIKit.framework */,
				D4EDDA2D196DBD390077FE9B /* XCTest.framework */,
				59B9E4A54D544DAAB4712332 /* libPods.a */,
			);
			name = Frameworks;
			sourceTree = "<group>";
		};
		D4EDDA14196DBD390077FE9B /* P3Feedback */ = {
			isa = PBXGroup;
			children = (
				D4EDDA15196DBD390077FE9B /* Supporting Files */,
				F25B26D6FEA5E75DDC9A6BA4 /* Code */,
				F25B26FFC117DA08449BCF41 /* Graphics */,
			);
			path = P3Feedback;
			sourceTree = "<group>";
		};
		D4EDDA15196DBD390077FE9B /* Supporting Files */ = {
			isa = PBXGroup;
			children = (
				D4EDDA16196DBD390077FE9B /* P3Feedback-Info.plist */,
				D4EDDA17196DBD390077FE9B /* InfoPlist.strings */,
				D4EDDA1A196DBD390077FE9B /* main.m */,
				D4EDDA1C196DBD390077FE9B /* P3Feedback-Prefix.pch */,
			);
			name = "Supporting Files";
			sourceTree = "<group>";
		};
		F25B23A09B9F0EED7C487AEE /* Model */ = {
			isa = PBXGroup;
			children = (
				F25B297FAA0452CDF59F4A77 /* PFIssueData.m */,
				F25B21103569925353998EA2 /* PFIssueData.h */,
			);
			path = Model;
			sourceTree = "<group>";
		};
		F25B26D6FEA5E75DDC9A6BA4 /* Code */ = {
			isa = PBXGroup;
			children = (
				F25B2FBDF60B4BFBB974FEC7 /* PFAppDelegate.h */,
				F25B2942AD3D812DCB625BE4 /* PFAppDelegate.m */,
				F25B2FD76420E6F4F2B33026 /* View */,
				F25B23A09B9F0EED7C487AEE /* Model */,
			);
			path = Code;
			sourceTree = "<group>";
		};
		F25B26FFC117DA08449BCF41 /* Graphics */ = {
			isa = PBXGroup;
			children = (
				F25B2D3861B43C9DC419EF59 /* Images.xcassets */,
				F25B2DAF17050CF5D7E6B95A /* Main.storyboard */,
				D4EBE2C7196EA5ED0061B29E /* ProgressView.xib */,
			);
			name = Graphics;
			sourceTree = "<group>";
		};
		F25B2FD76420E6F4F2B33026 /* View */ = {
			isa = PBXGroup;
			children = (
				F25B2DABC756BCC2384289F4 /* PFMainViewController.h */,
				F25B2C3FAEC3CD291EFFE469 /* PFMainViewController.m */,
				F25B2ACCB324770B0E3F0492 /* PFSidebarViewController.m */,
				F25B2889A2D3913F3113E6CD /* PFSidebarViewController.h */,
				F25B20A2BA7C70C0A28958E8 /* PFFeedbackViewController.m */,
				F25B28AB7A564345AB56DD74 /* PFFeedbackViewController.h */,
				F25B2F2AC432A122B76DA2A8 /* PFSpeedTestViewController.m */,
				F25B29541E11AFDE6375BC4F /* PFSpeedTestViewController.h */,
				F25B2D5801938877DCD3D093 /* PFProgressView.m */,
				F25B2A875DA7FC3A0C0BB13D /* PFProgressView.h */,
				F25B208778BFF3888BCD104B /* PFSummaryViewController.m */,
				F25B2EF5F3CF90D8C9A42D81 /* PFSummaryViewController.h */,
				F25B28441BF11144CAB19012 /* PFThankYouViewController.m */,
				F25B2CD6606D353ABEC8A2E7 /* PFThankYouViewController.h */,
			);
			path = View;
			sourceTree = "<group>";
		};
/* End PBXGroup section */

/* Begin PBXNativeTarget section */
		D4EDDA0A196DBD390077FE9B /* P3Feedback */ = {
			isa = PBXNativeTarget;
			buildConfigurationList = D4EDDA3D196DBD390077FE9B /* Build configuration list for PBXNativeTarget "P3Feedback" */;
			buildPhases = (
				1F28BF4487044E9E93D8883E /* Check Pods Manifest.lock */,
				D4EDDA07196DBD390077FE9B /* Sources */,
				D4EDDA08196DBD390077FE9B /* Frameworks */,
				D4EDDA09196DBD390077FE9B /* Resources */,
				D3523D71937B4F04AE061359 /* Copy Pods Resources */,
				A971FFF7FDE448EF803434E3 /* icon versioning */,
				C028AF0B46314CD9B98ED7D2 /* warn about todo and fixme */,
			);
			buildRules = (
			);
			dependencies = (
			);
			name = P3Feedback;
			productName = P3Feedback;
			productReference = D4EDDA0B196DBD390077FE9B /* P3Feedback.app */;
			productType = "com.apple.product-type.application";
		};
/* End PBXNativeTarget section */

/* Begin PBXProject section */
		D4EDDA03196DBD390077FE9B /* Project object */ = {
			isa = PBXProject;
			attributes = {
				CLASSPREFIX = PF;
				LastUpgradeCheck = 0510;
				ORGANIZATIONNAME = P3;
			};
			buildConfigurationList = D4EDDA06196DBD390077FE9B /* Build configuration list for PBXProject "P3Feedback" */;
			compatibilityVersion = "Xcode 3.2";
			developmentRegion = English;
			hasScannedForEncodings = 0;
			knownRegions = (
				en,
				Base,
			);
			mainGroup = D4EDDA02196DBD390077FE9B;
			productRefGroup = D4EDDA0C196DBD390077FE9B /* Products */;
			projectDirPath = "";
			projectRoot = "";
			targets = (
				D4EDDA0A196DBD390077FE9B /* P3Feedback */,
			);
		};
/* End PBXProject section */

/* Begin PBXResourcesBuildPhase section */
		D4EDDA09196DBD390077FE9B /* Resources */ = {
			isa = PBXResourcesBuildPhase;
			buildActionMask = 2147483647;
			files = (
				D4EDDA19196DBD390077FE9B /* InfoPlist.strings in Resources */,
				D4EBE2C9196EA5ED0061B29E /* ProgressView.xib in Resources */,
				F25B2C1CD5DB945DB6AA7A0D /* Images.xcassets in Resources */,
				F25B2F5DB5FB2A1A51C287D4 /* Main.storyboard in Resources */,
			);
			runOnlyForDeploymentPostprocessing = 0;
		};
/* End PBXResourcesBuildPhase section */

/* Begin PBXShellScriptBuildPhase section */
		1F28BF4487044E9E93D8883E /* Check Pods Manifest.lock */ = {
			isa = PBXShellScriptBuildPhase;
			buildActionMask = 2147483647;
			files = (
			);
			inputPaths = (
			);
			name = "Check Pods Manifest.lock";
			outputPaths = (
			);
			runOnlyForDeploymentPostprocessing = 0;
			shellPath = /bin/sh;
			shellScript = "diff \"${PODS_ROOT}/../Podfile.lock\" \"${PODS_ROOT}/Manifest.lock\" > /dev/null\nif [[ $? != 0 ]] ; then\n    cat << EOM\nerror: The sandbox is not in sync with the Podfile.lock. Run 'pod install' or update your CocoaPods installation.\nEOM\n    exit 1\nfi\n";
			showEnvVarsInLog = 0;
		};
		A971FFF7FDE448EF803434E3 /* icon versioning */ = {
			isa = PBXShellScriptBuildPhase;
			buildActionMask = 2147483647;
			files = (
			);
			inputPaths = (
			);
			name = "icon versioning";
			outputPaths = (
			);
			runOnlyForDeploymentPostprocessing = 0;
			shellPath = /bin/sh;
			shellScript = "\ncommit=`git rev-parse --short HEAD`\nbranch=`git rev-parse --abbrev-ref HEAD`\nversion=`/usr/libexec/PlistBuddy -c \"Print CFBundleVersion\" \"${INFOPLIST_FILE}\"`\n\nfunction processIcon() {\n    export PATH=$PATH:/usr/local/bin\n    base_file=$1\n    base_path=`find ${SRCROOT} -name $base_file`\n\n    if [[ ! -f ${base_path} || -z ${base_path} ]]; then\n        return;\n    fi\n\n    target_file=`echo $base_file | sed \"s/_base//\"`\n    target_path=\"${CONFIGURATION_BUILD_DIR}/${UNLOCALIZED_RESOURCES_FOLDER_PATH}/${target_file}\"\n\n    if [ $CONFIGURATION = \"Release\" ]; then\n    cp ${base_file} $target_path\n    return\n    fi\n\n    width=`identify -format %w ${base_path}`\n\n    convert -background '#0008' -fill white -gravity center -size ${width}x40\\\n    caption:\"${version} ${branch} ${commit}\"\\\n    ${base_path} +swap -gravity south -composite ${target_path}\n}\n\n# iOS 7 and later\n# https://developer.apple.com/library/ios/documentation/iPhone/Conceptual/iPhoneOSProgrammingGuide/App-RelatedResources/App-RelatedResources.html#//apple_ref/doc/uid/TP40007072-CH6-SW1\n#\nprocessIcon \"Icon-60_base.png\"\nprocessIcon \"Icon-60@2x_base.png\"\nprocessIcon \"Icon-76_base.png\"\nprocessIcon \"Icon-76@2x_base.png\"\n\n# iOS 6.1 and earlier\n# https://developer.apple.com/library/ios/documentation/iPhone/Conceptual/iPhoneOSProgrammingGuide/App-RelatedResources/App-RelatedResources.html#//apple_ref/doc/uid/TP40007072-CH6-SW1\n#\nprocessIcon \"Icon-57_base.png\"\nprocessIcon \"Icon-57@2x_base.png\"\nprocessIcon \"Icon-72_base.png\"\nprocessIcon \"Icon-72@2x_base.png\"\n";
		};
		C028AF0B46314CD9B98ED7D2 /* warn about todo and fixme */ = {
			isa = PBXShellScriptBuildPhase;
			buildActionMask = 2147483647;
			files = (
			);
			inputPaths = (
			);
			name = "warn about todo and fixme";
			outputPaths = (
			);
			runOnlyForDeploymentPostprocessing = 0;
			shellPath = /bin/sh;
			shellScript = "\nKEYWORDS=\"TODO|FIXME|\\?\\?\\?:|\\!\\!\\!:\"\nfind \"${SRCROOT}\" \\( -name \"*.h\" -or -name \"*.m\" \\) -print0 | xargs -0 egrep --with-filename --line-number --only-matching \"($KEYWORDS).*\\$\" | perl -p -e \"s/($KEYWORDS)/ warning: \\$1/\"\n";
		};
		D3523D71937B4F04AE061359 /* Copy Pods Resources */ = {
			isa = PBXShellScriptBuildPhase;
			buildActionMask = 2147483647;
			files = (
			);
			inputPaths = (
			);
			name = "Copy Pods Resources";
			outputPaths = (
			);
			runOnlyForDeploymentPostprocessing = 0;
			shellPath = /bin/sh;
			shellScript = "\"${SRCROOT}/Pods/Pods-resources.sh\"\n";
			showEnvVarsInLog = 0;
		};
/* End PBXShellScriptBuildPhase section */

/* Begin PBXSourcesBuildPhase section */
		D4EDDA07196DBD390077FE9B /* Sources */ = {
			isa = PBXSourcesBuildPhase;
			buildActionMask = 2147483647;
			files = (
				D4EDDA1B196DBD390077FE9B /* main.m in Sources */,
				F25B233FE299AEB8AF1A2A40 /* PFAppDelegate.m in Sources */,
				F25B229D9279DCE0FBFE73AD /* PFMainViewController.m in Sources */,
				F25B28472B6F88B5C4149CD9 /* PFSidebarViewController.m in Sources */,
				F25B2B2CE9E0222054366763 /* PFFeedbackViewController.m in Sources */,
				F25B2B1966DB8A5A3989617C /* PFSpeedTestViewController.m in Sources */,
				F25B20DAF0FDFECA2DA59EA9 /* PFProgressView.m in Sources */,
				F25B24348561726BE1FC5C38 /* PFSummaryViewController.m in Sources */,
				F25B2D59577102707DABCB73 /* PFThankYouViewController.m in Sources */,
				F25B2314719552B4BDA53609 /* PFIssueData.m in Sources */,
			);
			runOnlyForDeploymentPostprocessing = 0;
		};
/* End PBXSourcesBuildPhase section */

/* Begin PBXVariantGroup section */
		D4EBE2C7196EA5ED0061B29E /* ProgressView.xib */ = {
			isa = PBXVariantGroup;
			children = (
				D4EBE2C8196EA5ED0061B29E /* Base */,
			);
			name = ProgressView.xib;
			sourceTree = "<group>";
		};
		D4EDDA17196DBD390077FE9B /* InfoPlist.strings */ = {
			isa = PBXVariantGroup;
			children = (
				D4EDDA18196DBD390077FE9B /* en */,
			);
			name = InfoPlist.strings;
			sourceTree = "<group>";
		};
		F25B2DAF17050CF5D7E6B95A /* Main.storyboard */ = {
			isa = PBXVariantGroup;
			children = (
				F25B2449986CD314442246B2 /* Base */,
			);
			name = Main.storyboard;
			sourceTree = "<group>";
		};
/* End PBXVariantGroup section */

/* Begin XCBuildConfiguration section */
		41C2F3268B8B4C438AA86CBF /* profiling */ = {
			isa = XCBuildConfiguration;
			buildSettings = {
				ALWAYS_SEARCH_USER_PATHS = NO;
				CLANG_CXX_LANGUAGE_STANDARD = "gnu++0x";
				CLANG_CXX_LIBRARY = "libc++";
				CLANG_ENABLE_MODULES = YES;
				CLANG_ENABLE_OBJC_ARC = YES;
				CLANG_WARN_BOOL_CONVERSION = YES;
				CLANG_WARN_CONSTANT_CONVERSION = YES;
				CLANG_WARN_DIRECT_OBJC_ISA_USAGE = YES_ERROR;
				CLANG_WARN_EMPTY_BODY = YES;
				CLANG_WARN_ENUM_CONVERSION = YES;
				CLANG_WARN_INT_CONVERSION = YES;
				CLANG_WARN_OBJC_ROOT_CLASS = YES_ERROR;
				CLANG_WARN_SUSPICIOUS_IMPLICIT_CONVERSION = YES;
				CLANG_WARN__DUPLICATE_METHOD_MATCH = YES;
				"CODE_SIGN_IDENTITY[sdk=iphoneos*]" = "iPhone Developer";
				COPY_PHASE_STRIP = NO;
				GCC_C_LANGUAGE_STANDARD = gnu99;
				GCC_DYNAMIC_NO_PIC = NO;
				GCC_OPTIMIZATION_LEVEL = 0;
				GCC_PREPROCESSOR_DEFINITIONS = (
					"DEBUG=1",
					"$(inherited)",
				);
				GCC_SYMBOLS_PRIVATE_EXTERN = NO;
				GCC_TREAT_WARNINGS_AS_ERRORS = YES;
				GCC_WARN_64_TO_32_BIT_CONVERSION = YES;
				GCC_WARN_ABOUT_MISSING_FIELD_INITIALIZERS = YES;
				GCC_WARN_ABOUT_RETURN_TYPE = YES;
				GCC_WARN_CHECK_SWITCH_STATEMENTS = YES;
				GCC_WARN_INITIALIZER_NOT_FULLY_BRACKETED = YES;
				GCC_WARN_MISSING_PARENTHESES = YES;
				GCC_WARN_SHADOW = YES;
				GCC_WARN_SIGN_COMPARE = YES;
				GCC_WARN_TYPECHECK_CALLS_TO_PRINTF = YES;
				GCC_WARN_UNDECLARED_SELECTOR = YES;
				GCC_WARN_UNINITIALIZED_AUTOS = YES;
				GCC_WARN_UNUSED_FUNCTION = YES;
				GCC_WARN_UNUSED_LABEL = YES;
				GCC_WARN_UNUSED_VALUE = YES;
				GCC_WARN_UNUSED_VARIABLE = YES;
				IPHONEOS_DEPLOYMENT_TARGET = 7.1;
				ONLY_ACTIVE_ARCH = YES;
				RUN_CLANG_STATIC_ANALYZER = YES;
				SDKROOT = iphoneos;
			};
			name = profiling;
		};
		4B9AC60EAB30451EB88DE739 /* adhoc */ = {
			isa = XCBuildConfiguration;
			buildSettings = {
				ALWAYS_SEARCH_USER_PATHS = NO;
				CLANG_CXX_LANGUAGE_STANDARD = "gnu++0x";
				CLANG_CXX_LIBRARY = "libc++";
				CLANG_ENABLE_MODULES = YES;
				CLANG_ENABLE_OBJC_ARC = YES;
				CLANG_WARN_BOOL_CONVERSION = YES;
				CLANG_WARN_CONSTANT_CONVERSION = YES;
				CLANG_WARN_DIRECT_OBJC_ISA_USAGE = YES_ERROR;
				CLANG_WARN_EMPTY_BODY = YES;
				CLANG_WARN_ENUM_CONVERSION = YES;
				CLANG_WARN_INT_CONVERSION = YES;
				CLANG_WARN_OBJC_ROOT_CLASS = YES_ERROR;
				CLANG_WARN_SUSPICIOUS_IMPLICIT_CONVERSION = YES;
				CLANG_WARN__DUPLICATE_METHOD_MATCH = YES;
				"CODE_SIGN_IDENTITY[sdk=iphoneos*]" = "iPhone Developer";
				COPY_PHASE_STRIP = NO;
				GCC_C_LANGUAGE_STANDARD = gnu99;
				GCC_DYNAMIC_NO_PIC = NO;
				GCC_OPTIMIZATION_LEVEL = 0;
				GCC_PREPROCESSOR_DEFINITIONS = (
					"DEBUG=1",
					"$(inherited)",
				);
				GCC_SYMBOLS_PRIVATE_EXTERN = NO;
				GCC_TREAT_WARNINGS_AS_ERRORS = YES;
				GCC_WARN_64_TO_32_BIT_CONVERSION = YES;
				GCC_WARN_ABOUT_MISSING_FIELD_INITIALIZERS = YES;
				GCC_WARN_ABOUT_RETURN_TYPE = YES;
				GCC_WARN_CHECK_SWITCH_STATEMENTS = YES;
				GCC_WARN_INITIALIZER_NOT_FULLY_BRACKETED = YES;
				GCC_WARN_MISSING_PARENTHESES = YES;
				GCC_WARN_SHADOW = YES;
				GCC_WARN_SIGN_COMPARE = YES;
				GCC_WARN_TYPECHECK_CALLS_TO_PRINTF = YES;
				GCC_WARN_UNDECLARED_SELECTOR = YES;
				GCC_WARN_UNINITIALIZED_AUTOS = YES;
				GCC_WARN_UNUSED_FUNCTION = YES;
				GCC_WARN_UNUSED_LABEL = YES;
				GCC_WARN_UNUSED_VALUE = YES;
				GCC_WARN_UNUSED_VARIABLE = YES;
				IPHONEOS_DEPLOYMENT_TARGET = 7.1;
				ONLY_ACTIVE_ARCH = YES;
				RUN_CLANG_STATIC_ANALYZER = YES;
				SDKROOT = iphoneos;
			};
			name = adhoc;
		};
		50BED7CF70FF48E5B3E082F8 /* profiling */ = {
			isa = XCBuildConfiguration;
			buildSettings = {
				ALWAYS_SEARCH_USER_PATHS = NO;
				CLANG_CXX_LANGUAGE_STANDARD = "gnu++0x";
				CLANG_CXX_LIBRARY = "libc++";
				CLANG_ENABLE_MODULES = YES;
				CLANG_ENABLE_OBJC_ARC = YES;
				CLANG_WARN_BOOL_CONVERSION = YES;
				CLANG_WARN_CONSTANT_CONVERSION = YES;
				CLANG_WARN_DIRECT_OBJC_ISA_USAGE = YES_ERROR;
				CLANG_WARN_EMPTY_BODY = YES;
				CLANG_WARN_ENUM_CONVERSION = YES;
				CLANG_WARN_INT_CONVERSION = YES;
				CLANG_WARN_OBJC_ROOT_CLASS = YES_ERROR;
				CLANG_WARN_SUSPICIOUS_IMPLICIT_CONVERSION = YES;
				CLANG_WARN__DUPLICATE_METHOD_MATCH = YES;
				"CODE_SIGN_IDENTITY[sdk=iphoneos*]" = "iPhone Developer";
				COPY_PHASE_STRIP = NO;
				GCC_C_LANGUAGE_STANDARD = gnu99;
				GCC_DYNAMIC_NO_PIC = NO;
				GCC_OPTIMIZATION_LEVEL = 0;
				GCC_PREPROCESSOR_DEFINITIONS = (
					"DEBUG=1",
					"$(inherited)",
				);
				GCC_SYMBOLS_PRIVATE_EXTERN = NO;
				GCC_TREAT_WARNINGS_AS_ERRORS = YES;
				GCC_WARN_64_TO_32_BIT_CONVERSION = YES;
				GCC_WARN_ABOUT_MISSING_FIELD_INITIALIZERS = YES;
				GCC_WARN_ABOUT_RETURN_TYPE = YES;
				GCC_WARN_CHECK_SWITCH_STATEMENTS = YES;
				GCC_WARN_INITIALIZER_NOT_FULLY_BRACKETED = YES;
				GCC_WARN_MISSING_PARENTHESES = YES;
				GCC_WARN_SHADOW = YES;
				GCC_WARN_SIGN_COMPARE = YES;
				GCC_WARN_TYPECHECK_CALLS_TO_PRINTF = YES;
				GCC_WARN_UNDECLARED_SELECTOR = YES;
				GCC_WARN_UNINITIALIZED_AUTOS = YES;
				GCC_WARN_UNUSED_FUNCTION = YES;
				GCC_WARN_UNUSED_LABEL = YES;
				GCC_WARN_UNUSED_VALUE = YES;
				GCC_WARN_UNUSED_VARIABLE = YES;
				IPHONEOS_DEPLOYMENT_TARGET = 7.1;
				ONLY_ACTIVE_ARCH = YES;
				RUN_CLANG_STATIC_ANALYZER = YES;
				SDKROOT = iphoneos;
			};
			name = profiling;
		};
		5FCE9EED8E71457CB2A97815 /* profiling */ = {
			isa = XCBuildConfiguration;
			buildSettings = {
				ASSETCATALOG_COMPILER_APPICON_NAME = AppIcon;
				ASSETCATALOG_COMPILER_LAUNCHIMAGE_NAME = LaunchImage;
				GCC_PRECOMPILE_PREFIX_HEADER = YES;
				GCC_PREFIX_HEADER = "P3Feedback/P3Feedback-Prefix.pch";
				INFOPLIST_FILE = "P3Feedback/P3Feedback-Info.plist";
				PRODUCT_NAME = "$(TARGET_NAME)";
				USER_HEADER_SEARCH_PATHS = "\"${PROJECT_DIR}/Pods\"/**";
				WRAPPER_EXTENSION = app;
			};
			name = profiling;
		};
		6860D8FF7E37416081A9D8DC /* adhoc */ = {
			isa = XCBuildConfiguration;
			buildSettings = {
				ALWAYS_SEARCH_USER_PATHS = NO;
				CLANG_CXX_LANGUAGE_STANDARD = "gnu++0x";
				CLANG_CXX_LIBRARY = "libc++";
				CLANG_ENABLE_MODULES = YES;
				CLANG_ENABLE_OBJC_ARC = YES;
				CLANG_WARN_BOOL_CONVERSION = YES;
				CLANG_WARN_CONSTANT_CONVERSION = YES;
				CLANG_WARN_DIRECT_OBJC_ISA_USAGE = YES_ERROR;
				CLANG_WARN_EMPTY_BODY = YES;
				CLANG_WARN_ENUM_CONVERSION = YES;
				CLANG_WARN_INT_CONVERSION = YES;
				CLANG_WARN_OBJC_ROOT_CLASS = YES_ERROR;
				CLANG_WARN_SUSPICIOUS_IMPLICIT_CONVERSION = YES;
				CLANG_WARN__DUPLICATE_METHOD_MATCH = YES;
				"CODE_SIGN_IDENTITY[sdk=iphoneos*]" = "iPhone Developer";
				COPY_PHASE_STRIP = NO;
				GCC_C_LANGUAGE_STANDARD = gnu99;
				GCC_DYNAMIC_NO_PIC = NO;
				GCC_OPTIMIZATION_LEVEL = 0;
				GCC_PREPROCESSOR_DEFINITIONS = (
					"DEBUG=1",
					"$(inherited)",
				);
				GCC_SYMBOLS_PRIVATE_EXTERN = NO;
				GCC_TREAT_WARNINGS_AS_ERRORS = YES;
				GCC_WARN_64_TO_32_BIT_CONVERSION = YES;
				GCC_WARN_ABOUT_MISSING_FIELD_INITIALIZERS = YES;
				GCC_WARN_ABOUT_RETURN_TYPE = YES;
				GCC_WARN_CHECK_SWITCH_STATEMENTS = YES;
				GCC_WARN_INITIALIZER_NOT_FULLY_BRACKETED = YES;
				GCC_WARN_MISSING_PARENTHESES = YES;
				GCC_WARN_SHADOW = YES;
				GCC_WARN_SIGN_COMPARE = YES;
				GCC_WARN_TYPECHECK_CALLS_TO_PRINTF = YES;
				GCC_WARN_UNDECLARED_SELECTOR = YES;
				GCC_WARN_UNINITIALIZED_AUTOS = YES;
				GCC_WARN_UNUSED_FUNCTION = YES;
				GCC_WARN_UNUSED_LABEL = YES;
				GCC_WARN_UNUSED_VALUE = YES;
				GCC_WARN_UNUSED_VARIABLE = YES;
				IPHONEOS_DEPLOYMENT_TARGET = 7.1;
				ONLY_ACTIVE_ARCH = YES;
				RUN_CLANG_STATIC_ANALYZER = YES;
				SDKROOT = iphoneos;
			};
			name = adhoc;
		};
		892A1EB517D14DB79555A606 /* adhoc */ = {
			isa = XCBuildConfiguration;
			buildSettings = {
				ASSETCATALOG_COMPILER_APPICON_NAME = AppIcon;
				ASSETCATALOG_COMPILER_LAUNCHIMAGE_NAME = LaunchImage;
				GCC_PRECOMPILE_PREFIX_HEADER = YES;
				GCC_PREFIX_HEADER = "P3Feedback/P3Feedback-Prefix.pch";
				INFOPLIST_FILE = "P3Feedback/P3Feedback-Info.plist";
				PRODUCT_NAME = "$(TARGET_NAME)";
				USER_HEADER_SEARCH_PATHS = "\"${PROJECT_DIR}/Pods\"/**";
				WRAPPER_EXTENSION = app;
			};
			name = adhoc;
		};
		9E2913AB3C80436886EB7C2E /* profiling */ = {
			isa = XCBuildConfiguration;
			buildSettings = {
				ASSETCATALOG_COMPILER_LAUNCHIMAGE_NAME = LaunchImage;
				GCC_PRECOMPILE_PREFIX_HEADER = YES;
				GCC_PREFIX_HEADER = "P3Feedback/P3Feedback-Prefix.pch";
				INFOPLIST_FILE = "P3Feedback/P3Feedback-Info.plist";
				PRODUCT_NAME = "$(TARGET_NAME)";
				USER_HEADER_SEARCH_PATHS = "\"${PROJECT_DIR}/Pods\"/**";
				WRAPPER_EXTENSION = app;
			};
			name = profiling;
		};
		A0867FC01C3B4AC7AEA72941 /* adhoc */ = {
			isa = XCBuildConfiguration;
			buildSettings = {
				ASSETCATALOG_COMPILER_APPICON_NAME = AppIcon;
				ASSETCATALOG_COMPILER_LAUNCHIMAGE_NAME = LaunchImage;
				GCC_PRECOMPILE_PREFIX_HEADER = YES;
				GCC_PREFIX_HEADER = "P3Feedback/P3Feedback-Prefix.pch";
				INFOPLIST_FILE = "P3Feedback/P3Feedback-Info.plist";
				PRODUCT_NAME = "$(TARGET_NAME)";
				USER_HEADER_SEARCH_PATHS = "\"${PROJECT_DIR}/Pods\"/**";
				WRAPPER_EXTENSION = app;
			};
			name = adhoc;
		};
		B5BB5C8D5F074F2AAC823226 /* profiling */ = {
			isa = XCBuildConfiguration;
			buildSettings = {
				ALWAYS_SEARCH_USER_PATHS = NO;
				CLANG_CXX_LANGUAGE_STANDARD = "gnu++0x";
				CLANG_CXX_LIBRARY = "libc++";
				CLANG_ENABLE_MODULES = YES;
				CLANG_ENABLE_OBJC_ARC = YES;
				CLANG_WARN_BOOL_CONVERSION = YES;
				CLANG_WARN_CONSTANT_CONVERSION = YES;
				CLANG_WARN_DIRECT_OBJC_ISA_USAGE = YES_ERROR;
				CLANG_WARN_EMPTY_BODY = YES;
				CLANG_WARN_ENUM_CONVERSION = YES;
				CLANG_WARN_INT_CONVERSION = YES;
				CLANG_WARN_OBJC_ROOT_CLASS = YES_ERROR;
				CLANG_WARN_SUSPICIOUS_IMPLICIT_CONVERSION = YES;
				CLANG_WARN__DUPLICATE_METHOD_MATCH = YES;
				"CODE_SIGN_IDENTITY[sdk=iphoneos*]" = "iPhone Developer";
				COPY_PHASE_STRIP = NO;
				GCC_C_LANGUAGE_STANDARD = gnu99;
				GCC_DYNAMIC_NO_PIC = NO;
				GCC_OPTIMIZATION_LEVEL = 0;
				GCC_PREPROCESSOR_DEFINITIONS = (
					"DEBUG=1",
					"$(inherited)",
				);
				GCC_SYMBOLS_PRIVATE_EXTERN = NO;
				GCC_TREAT_WARNINGS_AS_ERRORS = YES;
				GCC_WARN_64_TO_32_BIT_CONVERSION = YES;
				GCC_WARN_ABOUT_MISSING_FIELD_INITIALIZERS = YES;
				GCC_WARN_ABOUT_RETURN_TYPE = YES;
				GCC_WARN_CHECK_SWITCH_STATEMENTS = YES;
				GCC_WARN_INITIALIZER_NOT_FULLY_BRACKETED = YES;
				GCC_WARN_MISSING_PARENTHESES = YES;
				GCC_WARN_SHADOW = YES;
				GCC_WARN_SIGN_COMPARE = YES;
				GCC_WARN_TYPECHECK_CALLS_TO_PRINTF = YES;
				GCC_WARN_UNDECLARED_SELECTOR = YES;
				GCC_WARN_UNINITIALIZED_AUTOS = YES;
				GCC_WARN_UNUSED_FUNCTION = YES;
				GCC_WARN_UNUSED_LABEL = YES;
				GCC_WARN_UNUSED_VALUE = YES;
				GCC_WARN_UNUSED_VARIABLE = YES;
				IPHONEOS_DEPLOYMENT_TARGET = 7.1;
				ONLY_ACTIVE_ARCH = YES;
				RUN_CLANG_STATIC_ANALYZER = YES;
				SDKROOT = iphoneos;
			};
			name = profiling;
		};
		BC12DF95AC914AF19F2A30C8 /* adhoc */ = {
			isa = XCBuildConfiguration;
			buildSettings = {
				ALWAYS_SEARCH_USER_PATHS = NO;
				CLANG_CXX_LANGUAGE_STANDARD = "gnu++0x";
				CLANG_CXX_LIBRARY = "libc++";
				CLANG_ENABLE_MODULES = YES;
				CLANG_ENABLE_OBJC_ARC = YES;
				CLANG_WARN_BOOL_CONVERSION = YES;
				CLANG_WARN_CONSTANT_CONVERSION = YES;
				CLANG_WARN_DIRECT_OBJC_ISA_USAGE = YES_ERROR;
				CLANG_WARN_EMPTY_BODY = YES;
				CLANG_WARN_ENUM_CONVERSION = YES;
				CLANG_WARN_INT_CONVERSION = YES;
				CLANG_WARN_OBJC_ROOT_CLASS = YES_ERROR;
				CLANG_WARN_SUSPICIOUS_IMPLICIT_CONVERSION = YES;
				CLANG_WARN__DUPLICATE_METHOD_MATCH = YES;
				"CODE_SIGN_IDENTITY[sdk=iphoneos*]" = "iPhone Developer";
				COPY_PHASE_STRIP = NO;
				GCC_C_LANGUAGE_STANDARD = gnu99;
				GCC_DYNAMIC_NO_PIC = NO;
				GCC_OPTIMIZATION_LEVEL = 0;
				GCC_PREPROCESSOR_DEFINITIONS = (
					"DEBUG=1",
					"$(inherited)",
				);
				GCC_SYMBOLS_PRIVATE_EXTERN = NO;
				GCC_TREAT_WARNINGS_AS_ERRORS = YES;
				GCC_WARN_64_TO_32_BIT_CONVERSION = YES;
				GCC_WARN_ABOUT_MISSING_FIELD_INITIALIZERS = YES;
				GCC_WARN_ABOUT_RETURN_TYPE = YES;
				GCC_WARN_CHECK_SWITCH_STATEMENTS = YES;
				GCC_WARN_INITIALIZER_NOT_FULLY_BRACKETED = YES;
				GCC_WARN_MISSING_PARENTHESES = YES;
				GCC_WARN_SHADOW = YES;
				GCC_WARN_SIGN_COMPARE = YES;
				GCC_WARN_TYPECHECK_CALLS_TO_PRINTF = YES;
				GCC_WARN_UNDECLARED_SELECTOR = YES;
				GCC_WARN_UNINITIALIZED_AUTOS = YES;
				GCC_WARN_UNUSED_FUNCTION = YES;
				GCC_WARN_UNUSED_LABEL = YES;
				GCC_WARN_UNUSED_VALUE = YES;
				GCC_WARN_UNUSED_VARIABLE = YES;
				IPHONEOS_DEPLOYMENT_TARGET = 7.1;
				ONLY_ACTIVE_ARCH = YES;
				RUN_CLANG_STATIC_ANALYZER = YES;
				SDKROOT = iphoneos;
			};
			name = adhoc;
		};
		D027C79D67E24E8E96404EB7 /* profiling */ = {
			isa = XCBuildConfiguration;
			buildSettings = {
				ASSETCATALOG_COMPILER_APPICON_NAME = AppIcon;
				ASSETCATALOG_COMPILER_LAUNCHIMAGE_NAME = LaunchImage;
				GCC_PRECOMPILE_PREFIX_HEADER = YES;
				GCC_PREFIX_HEADER = "P3Feedback/P3Feedback-Prefix.pch";
				INFOPLIST_FILE = "P3Feedback/P3Feedback-Info.plist";
				PRODUCT_NAME = "$(TARGET_NAME)";
				USER_HEADER_SEARCH_PATHS = "\"${PROJECT_DIR}/Pods\"/**";
				WRAPPER_EXTENSION = app;
			};
			name = profiling;
		};
		D4EDDA3B196DBD390077FE9B /* Debug */ = {
			isa = XCBuildConfiguration;
			buildSettings = {
				ALWAYS_SEARCH_USER_PATHS = NO;
				CLANG_CXX_LANGUAGE_STANDARD = "gnu++0x";
				CLANG_CXX_LIBRARY = "libc++";
				CLANG_ENABLE_MODULES = YES;
				CLANG_ENABLE_OBJC_ARC = YES;
				CLANG_WARN_BOOL_CONVERSION = YES;
				CLANG_WARN_CONSTANT_CONVERSION = YES;
				CLANG_WARN_DIRECT_OBJC_ISA_USAGE = YES_ERROR;
				CLANG_WARN_EMPTY_BODY = YES;
				CLANG_WARN_ENUM_CONVERSION = YES;
				CLANG_WARN_INT_CONVERSION = YES;
				CLANG_WARN_OBJC_ROOT_CLASS = YES_ERROR;
				CLANG_WARN_SUSPICIOUS_IMPLICIT_CONVERSION = YES;
				CLANG_WARN__DUPLICATE_METHOD_MATCH = YES;
				"CODE_SIGN_IDENTITY[sdk=iphoneos*]" = "iPhone Developer";
				COPY_PHASE_STRIP = NO;
				GCC_C_LANGUAGE_STANDARD = gnu99;
				GCC_DYNAMIC_NO_PIC = NO;
				GCC_OPTIMIZATION_LEVEL = 0;
				GCC_PREPROCESSOR_DEFINITIONS = (
					"DEBUG=1",
					"$(inherited)",
				);
				GCC_SYMBOLS_PRIVATE_EXTERN = NO;
				GCC_TREAT_WARNINGS_AS_ERRORS = YES;
				GCC_WARN_64_TO_32_BIT_CONVERSION = YES;
				GCC_WARN_ABOUT_MISSING_FIELD_INITIALIZERS = YES;
				GCC_WARN_ABOUT_RETURN_TYPE = YES;
				GCC_WARN_CHECK_SWITCH_STATEMENTS = YES;
				GCC_WARN_INITIALIZER_NOT_FULLY_BRACKETED = YES;
				GCC_WARN_MISSING_PARENTHESES = YES;
				GCC_WARN_SHADOW = YES;
				GCC_WARN_SIGN_COMPARE = YES;
				GCC_WARN_TYPECHECK_CALLS_TO_PRINTF = YES;
				GCC_WARN_UNDECLARED_SELECTOR = YES;
				GCC_WARN_UNINITIALIZED_AUTOS = YES;
				GCC_WARN_UNUSED_FUNCTION = YES;
				GCC_WARN_UNUSED_LABEL = YES;
				GCC_WARN_UNUSED_VALUE = YES;
				GCC_WARN_UNUSED_VARIABLE = YES;
				IPHONEOS_DEPLOYMENT_TARGET = 7.1;
				ONLY_ACTIVE_ARCH = YES;
				RUN_CLANG_STATIC_ANALYZER = YES;
				SDKROOT = iphoneos;
			};
			name = Debug;
		};
		D4EDDA3C196DBD390077FE9B /* Release */ = {
			isa = XCBuildConfiguration;
			buildSettings = {
				ALWAYS_SEARCH_USER_PATHS = NO;
				CLANG_CXX_LANGUAGE_STANDARD = "gnu++0x";
				CLANG_CXX_LIBRARY = "libc++";
				CLANG_ENABLE_MODULES = YES;
				CLANG_ENABLE_OBJC_ARC = YES;
				CLANG_WARN_BOOL_CONVERSION = YES;
				CLANG_WARN_CONSTANT_CONVERSION = YES;
				CLANG_WARN_DIRECT_OBJC_ISA_USAGE = YES_ERROR;
				CLANG_WARN_EMPTY_BODY = YES;
				CLANG_WARN_ENUM_CONVERSION = YES;
				CLANG_WARN_INT_CONVERSION = YES;
				CLANG_WARN_OBJC_ROOT_CLASS = YES_ERROR;
				CLANG_WARN_SUSPICIOUS_IMPLICIT_CONVERSION = YES;
				CLANG_WARN__DUPLICATE_METHOD_MATCH = YES;
				"CODE_SIGN_IDENTITY[sdk=iphoneos*]" = "iPhone Developer";
				COPY_PHASE_STRIP = YES;
				ENABLE_NS_ASSERTIONS = NO;
				GCC_C_LANGUAGE_STANDARD = gnu99;
				GCC_TREAT_WARNINGS_AS_ERRORS = YES;
				GCC_WARN_64_TO_32_BIT_CONVERSION = YES;
				GCC_WARN_ABOUT_MISSING_FIELD_INITIALIZERS = YES;
				GCC_WARN_ABOUT_RETURN_TYPE = YES;
				GCC_WARN_CHECK_SWITCH_STATEMENTS = YES;
				GCC_WARN_INITIALIZER_NOT_FULLY_BRACKETED = YES;
				GCC_WARN_MISSING_PARENTHESES = YES;
				GCC_WARN_SHADOW = YES;
				GCC_WARN_SIGN_COMPARE = YES;
				GCC_WARN_TYPECHECK_CALLS_TO_PRINTF = YES;
				GCC_WARN_UNDECLARED_SELECTOR = YES;
				GCC_WARN_UNINITIALIZED_AUTOS = YES;
				GCC_WARN_UNUSED_FUNCTION = YES;
				GCC_WARN_UNUSED_LABEL = YES;
				GCC_WARN_UNUSED_VALUE = YES;
				GCC_WARN_UNUSED_VARIABLE = YES;
				IPHONEOS_DEPLOYMENT_TARGET = 7.1;
				RUN_CLANG_STATIC_ANALYZER = YES;
				SDKROOT = iphoneos;
				VALIDATE_PRODUCT = YES;
			};
			name = Release;
		};
		D4EDDA3E196DBD390077FE9B /* Debug */ = {
			isa = XCBuildConfiguration;
			baseConfigurationReference = 6C6D7D55B29143E7B2FFCC07 /* Pods.xcconfig */;
			buildSettings = {
				ASSETCATALOG_COMPILER_LAUNCHIMAGE_NAME = LaunchImage;
				GCC_PRECOMPILE_PREFIX_HEADER = YES;
				GCC_PREFIX_HEADER = "P3Feedback/P3Feedback-Prefix.pch";
				INFOPLIST_FILE = "P3Feedback/P3Feedback-Info.plist";
				PRODUCT_NAME = "$(TARGET_NAME)";
				USER_HEADER_SEARCH_PATHS = "\"${PROJECT_DIR}/Pods\"/**";
				WRAPPER_EXTENSION = app;
			};
			name = Debug;
		};
		D4EDDA3F196DBD390077FE9B /* Release */ = {
			isa = XCBuildConfiguration;
			baseConfigurationReference = 6C6D7D55B29143E7B2FFCC07 /* Pods.xcconfig */;
			buildSettings = {
				ASSETCATALOG_COMPILER_LAUNCHIMAGE_NAME = LaunchImage;
				GCC_PRECOMPILE_PREFIX_HEADER = YES;
				GCC_PREFIX_HEADER = "P3Feedback/P3Feedback-Prefix.pch";
				INFOPLIST_FILE = "P3Feedback/P3Feedback-Info.plist";
				PRODUCT_NAME = "$(TARGET_NAME)";
				USER_HEADER_SEARCH_PATHS = "\"${PROJECT_DIR}/Pods\"/**";
				WRAPPER_EXTENSION = app;
			};
			name = Release;
		};
		E0E2307C1CE94AEC8E33A6DA /* adhoc */ = {
			isa = XCBuildConfiguration;
			buildSettings = {
				ASSETCATALOG_COMPILER_LAUNCHIMAGE_NAME = LaunchImage;
				GCC_PRECOMPILE_PREFIX_HEADER = YES;
				GCC_PREFIX_HEADER = "P3Feedback/P3Feedback-Prefix.pch";
				INFOPLIST_FILE = "P3Feedback/P3Feedback-Info.plist";
				PRODUCT_NAME = "$(TARGET_NAME)";
				USER_HEADER_SEARCH_PATHS = "\"${PROJECT_DIR}/Pods\"/**";
				WRAPPER_EXTENSION = app;
			};
			name = adhoc;
		};
/* End XCBuildConfiguration section */

/* Begin XCConfigurationList section */
		D4EDDA06196DBD390077FE9B /* Build configuration list for PBXProject "P3Feedback" */ = {
			isa = XCConfigurationList;
			buildConfigurations = (
				D4EDDA3B196DBD390077FE9B /* Debug */,
				D4EDDA3C196DBD390077FE9B /* Release */,
				6860D8FF7E37416081A9D8DC /* adhoc */,
				50BED7CF70FF48E5B3E082F8 /* profiling */,
				4B9AC60EAB30451EB88DE739 /* adhoc */,
				41C2F3268B8B4C438AA86CBF /* profiling */,
				BC12DF95AC914AF19F2A30C8 /* adhoc */,
				B5BB5C8D5F074F2AAC823226 /* profiling */,
			);
			defaultConfigurationIsVisible = 0;
			defaultConfigurationName = Release;
		};
		D4EDDA3D196DBD390077FE9B /* Build configuration list for PBXNativeTarget "P3Feedback" */ = {
			isa = XCConfigurationList;
			buildConfigurations = (
				D4EDDA3E196DBD390077FE9B /* Debug */,
				D4EDDA3F196DBD390077FE9B /* Release */,
				E0E2307C1CE94AEC8E33A6DA /* adhoc */,
				9E2913AB3C80436886EB7C2E /* profiling */,
				A0867FC01C3B4AC7AEA72941 /* adhoc */,
				5FCE9EED8E71457CB2A97815 /* profiling */,
				892A1EB517D14DB79555A606 /* adhoc */,
				D027C79D67E24E8E96404EB7 /* profiling */,
			);
			defaultConfigurationIsVisible = 0;
			defaultConfigurationName = Release;
		};
/* End XCConfigurationList section */
	};
	rootObject = D4EDDA03196DBD390077FE9B /* Project object */;
}
